{
  "requires": true,
  "lockfileVersion": 1,
  "dependencies": {
    "react-spinner-material": {
      "version": "1.1.3",
      "resolved": "https://registry.npmjs.org/react-spinner-material/-/react-spinner-material-1.1.3.tgz",
      "integrity": "sha512-sa9ESbt9/V79jzdxYGfd0i84JG5Nuz6q2wmxqS0Jc8M+J/Rk/aHiA/R2X1ewAwRxysMMDhFG7Altf7FEea1vkg=="
    },
    "webfontloader": {
      "version": "1.6.28",
      "resolved": "https://registry.npmjs.org/webfontloader/-/webfontloader-1.6.28.tgz",
      "integrity": "sha1-23hhKSU8tujq5UwvsF+HCvZnW64="
    }
  }
}
